// !$*UTF8*$!
{
	archiveVersion = 1;
	classes = {
	};
	objectVersion = 46;
	objects = {

/* Begin PBXBuildFile section */
		A61AEECE1E40978F00EDB53B /* AppDelegate.m in Sources */ = {isa = PBXBuildFile; fileRef = A61AEECD1E40978F00EDB53B /* AppDelegate.m */; };
		A61AEED11E40978F00EDB53B /* ViewControllerAcceuil.m in Sources */ = {isa = PBXBuildFile; fileRef = A61AEED01E40978F00EDB53B /* ViewControllerAcceuil.m */; };
		A61AEED71E40978F00EDB53B /* Jack_Sparrot.xcdatamodeld in Sources */ = {isa = PBXBuildFile; fileRef = A61AEED51E40978F00EDB53B /* Jack_Sparrot.xcdatamodeld */; };
		A61AEED91E40978F00EDB53B /* Assets.xcassets in Resources */ = {isa = PBXBuildFile; fileRef = A61AEED81E40978F00EDB53B /* Assets.xcassets */; };
		A61AEEDC1E40978F00EDB53B /* LaunchScreen.storyboard in Resources */ = {isa = PBXBuildFile; fileRef = A61AEEDA1E40978F00EDB53B /* LaunchScreen.storyboard */; };
		A61AEEE71E40978F00EDB53B /* Jack_SparrotTests.m in Sources */ = {isa = PBXBuildFile; fileRef = A61AEEE61E40978F00EDB53B /* Jack_SparrotTests.m */; };
		A61AEEF21E40978F00EDB53B /* Jack_SparrotUITests.m in Sources */ = {isa = PBXBuildFile; fileRef = A61AEEF11E40978F00EDB53B /* Jack_SparrotUITests.m */; };
		A61AEF011E409EEC00EDB53B /* ViewEcranAccueil.m in Sources */ = {isa = PBXBuildFile; fileRef = A61AEF001E409EEC00EDB53B /* ViewEcranAccueil.m */; };
		A62504D41E7065C800288587 /* BebopDrone.m in Sources */ = {isa = PBXBuildFile; fileRef = A62504D31E7065C800288587 /* BebopDrone.m */; };
		A6565ED61E49C1E900CC7621 /* ViewControllerManuel.m in Sources */ = {isa = PBXBuildFile; fileRef = A6565ED41E49C1E900CC7621 /* ViewControllerManuel.m */; };
		A668E7E41EA7571900F82E3C /* InterfaceControllerOptions.m in Sources */ = {isa = PBXBuildFile; fileRef = A668E7E31EA7571900F82E3C /* InterfaceControllerOptions.m */; };
		A668E7E71EA7FD3800F82E3C /* alert.mp3 in Resources */ = {isa = PBXBuildFile; fileRef = A668E7E61EA7FD3800F82E3C /* alert.mp3 */; };
		A67EC1791E4333E500F08072 /* ViewManuel.m in Sources */ = {isa = PBXBuildFile; fileRef = A67EC1781E4333E500F08072 /* ViewManuel.m */; };
		A692AD5F1E7BF57800A58AEE /* ViewControllerAide.m in Sources */ = {isa = PBXBuildFile; fileRef = A692AD5D1E7BF57800A58AEE /* ViewControllerAide.m */; };
		A692AD601E7BF57800A58AEE /* ViewAide.m in Sources */ = {isa = PBXBuildFile; fileRef = A692AD5E1E7BF57800A58AEE /* ViewAide.m */; };
		A6D4750F1E70754F00B57D3C /* DroneDiscoverer.m in Sources */ = {isa = PBXBuildFile; fileRef = A6D4750E1E70754F00B57D3C /* DroneDiscoverer.m */; };
		A6D475151E72E32F00B57D3C /* ViewControllerOptions.m in Sources */ = {isa = PBXBuildFile; fileRef = A6D475121E72E32F00B57D3C /* ViewControllerOptions.m */; };
		A6D475161E72E32F00B57D3C /* ViewOptions.m in Sources */ = {isa = PBXBuildFile; fileRef = A6D475141E72E32F00B57D3C /* ViewOptions.m */; };
		A6D4751B1E76F58E00B57D3C /* ViewCouleurs.m in Sources */ = {isa = PBXBuildFile; fileRef = A6D475181E76F58E00B57D3C /* ViewCouleurs.m */; };
		A6D4751C1E76F58E00B57D3C /* ViewCouleursController.m in Sources */ = {isa = PBXBuildFile; fileRef = A6D4751A1E76F58E00B57D3C /* ViewCouleursController.m */; };
		A6E50DCB1E5E0A9800830EFD /* Interface.storyboard in Resources */ = {isa = PBXBuildFile; fileRef = A6E50DC91E5E0A9800830EFD /* Interface.storyboard */; };
		A6E50DCD1E5E0A9800830EFD /* Assets.xcassets in Resources */ = {isa = PBXBuildFile; fileRef = A6E50DCC1E5E0A9800830EFD /* Assets.xcassets */; };
		A6E50DD41E5E0A9800830EFD /* Jack Sparrot Watch Extension.appex in Embed App Extensions */ = {isa = PBXBuildFile; fileRef = A6E50DD31E5E0A9800830EFD /* Jack Sparrot Watch Extension.appex */; settings = {ATTRIBUTES = (RemoveHeadersOnCopy, ); }; };
		A6E50DDC1E5E0A9800830EFD /* InterfaceController.m in Sources */ = {isa = PBXBuildFile; fileRef = A6E50DDB1E5E0A9800830EFD /* InterfaceController.m */; };
		A6E50DDF1E5E0A9800830EFD /* ExtensionDelegate.m in Sources */ = {isa = PBXBuildFile; fileRef = A6E50DDE1E5E0A9800830EFD /* ExtensionDelegate.m */; };
		A6E50DE21E5E0A9800830EFD /* NotificationController.m in Sources */ = {isa = PBXBuildFile; fileRef = A6E50DE11E5E0A9800830EFD /* NotificationController.m */; };
		A6E50DE41E5E0A9800830EFD /* Assets.xcassets in Resources */ = {isa = PBXBuildFile; fileRef = A6E50DE31E5E0A9800830EFD /* Assets.xcassets */; };
		A6E50DE81E5E0A9800830EFD /* Jack Sparrot Watch.app in Embed Watch Content */ = {isa = PBXBuildFile; fileRef = A6E50DC71E5E0A9800830EFD /* Jack Sparrot Watch.app */; };
		A6EC7A721E40A54D0075039E /* Main.storyboard in Resources */ = {isa = PBXBuildFile; fileRef = A6EC7A701E40A54D0075039E /* Main.storyboard */; };
		A6F6EE661E64EBB10007B54D /* main.m in Sources */ = {isa = PBXBuildFile; fileRef = A6F6EE651E64EBB10007B54D /* main.m */; };
		A6F6EE6A1E64F05B0007B54D /* ViewDimensionViewController.m in Sources */ = {isa = PBXBuildFile; fileRef = A6F6EE691E64F05B0007B54D /* ViewDimensionViewController.m */; };
		A6F6EE6D1E64F0760007B54D /* ViewDimension.m in Sources */ = {isa = PBXBuildFile; fileRef = A6F6EE6C1E64F0760007B54D /* ViewDimension.m */; };
		A6F6EE731E6C26510007B54D /* CustomNavigationController.m in Sources */ = {isa = PBXBuildFile; fileRef = A6F6EE721E6C26510007B54D /* CustomNavigationController.m */; };
		ECE9DCA81E7C02FB008F92F4 /* demoChangementAxes.mov in Resources */ = {isa = PBXBuildFile; fileRef = ECE9DCA41E7C02FB008F92F4 /* demoChangementAxes.mov */; };
		ECE9DCA91E7C02FB008F92F4 /* demoChangementCouleur.mov in Resources */ = {isa = PBXBuildFile; fileRef = ECE9DCA51E7C02FB008F92F4 /* demoChangementCouleur.mov */; };
		ECE9DCAA1E7C02FB008F92F4 /* demoChangementMode.mov in Resources */ = {isa = PBXBuildFile; fileRef = ECE9DCA61E7C02FB008F92F4 /* demoChangementMode.mov */; };
		ECE9DCAB1E7C02FB008F92F4 /* demoRetourAccueil.mov in Resources */ = {isa = PBXBuildFile; fileRef = ECE9DCA71E7C02FB008F92F4 /* demoRetourAccueil.mov */; };
/* End PBXBuildFile section */

/* Begin PBXContainerItemProxy section */
		A61AEEE31E40978F00EDB53B /* PBXContainerItemProxy */ = {
			isa = PBXContainerItemProxy;
			containerPortal = A61AEEBE1E40978F00EDB53B /* Project object */;
			proxyType = 1;
			remoteGlobalIDString = A61AEEC51E40978F00EDB53B;
			remoteInfo = "Jack Sparrot";
		};
		A61AEEEE1E40978F00EDB53B /* PBXContainerItemProxy */ = {
			isa = PBXContainerItemProxy;
			containerPortal = A61AEEBE1E40978F00EDB53B /* Project object */;
			proxyType = 1;
			remoteGlobalIDString = A61AEEC51E40978F00EDB53B;
			remoteInfo = "Jack Sparrot";
		};
		A6E50DD51E5E0A9800830EFD /* PBXContainerItemProxy */ = {
			isa = PBXContainerItemProxy;
			containerPortal = A61AEEBE1E40978F00EDB53B /* Project object */;
			proxyType = 1;
			remoteGlobalIDString = A6E50DD21E5E0A9800830EFD;
			remoteInfo = "Jack Sparrot Watch Extension";
		};
		A6E50DE61E5E0A9800830EFD /* PBXContainerItemProxy */ = {
			isa = PBXContainerItemProxy;
			containerPortal = A61AEEBE1E40978F00EDB53B /* Project object */;
			proxyType = 1;
			remoteGlobalIDString = A6E50DC61E5E0A9800830EFD;
			remoteInfo = "Jack Sparrot Watch";
		};
/* End PBXContainerItemProxy section */

/* Begin PBXCopyFilesBuildPhase section */
		A6E50DEE1E5E0A9800830EFD /* Embed App Extensions */ = {
			isa = PBXCopyFilesBuildPhase;
			buildActionMask = 2147483647;
			dstPath = "";
			dstSubfolderSpec = 13;
			files = (
				A6E50DD41E5E0A9800830EFD /* Jack Sparrot Watch Extension.appex in Embed App Extensions */,
			);
			name = "Embed App Extensions";
			runOnlyForDeploymentPostprocessing = 0;
		};
		A6E50DF01E5E0A9800830EFD /* Embed Watch Content */ = {
			isa = PBXCopyFilesBuildPhase;
			buildActionMask = 2147483647;
			dstPath = "$(CONTENTS_FOLDER_PATH)/Watch";
			dstSubfolderSpec = 16;
			files = (
				A6E50DE81E5E0A9800830EFD /* Jack Sparrot Watch.app in Embed Watch Content */,
			);
			name = "Embed Watch Content";
			runOnlyForDeploymentPostprocessing = 0;
		};
/* End PBXCopyFilesBuildPhase section */

/* Begin PBXFileReference section */
		A61AEEC61E40978F00EDB53B /* Jack Sparrot.app */ = {isa = PBXFileReference; explicitFileType = wrapper.application; includeInIndex = 0; path = "Jack Sparrot.app"; sourceTree = BUILT_PRODUCTS_DIR; };
		A61AEECC1E40978F00EDB53B /* AppDelegate.h */ = {isa = PBXFileReference; lastKnownFileType = sourcecode.c.h; path = AppDelegate.h; sourceTree = "<group>"; };
		A61AEECD1E40978F00EDB53B /* AppDelegate.m */ = {isa = PBXFileReference; lastKnownFileType = sourcecode.c.objc; path = AppDelegate.m; sourceTree = "<group>"; };
		A61AEECF1E40978F00EDB53B /* ViewControllerAcceuil.h */ = {isa = PBXFileReference; lastKnownFileType = sourcecode.c.h; path = ViewControllerAcceuil.h; sourceTree = "<group>"; };
		A61AEED01E40978F00EDB53B /* ViewControllerAcceuil.m */ = {isa = PBXFileReference; lastKnownFileType = sourcecode.c.objc; path = ViewControllerAcceuil.m; sourceTree = "<group>"; };
		A61AEED61E40978F00EDB53B /* Jack_Sparrot.xcdatamodel */ = {isa = PBXFileReference; lastKnownFileType = wrapper.xcdatamodel; path = Jack_Sparrot.xcdatamodel; sourceTree = "<group>"; };
		A61AEED81E40978F00EDB53B /* Assets.xcassets */ = {isa = PBXFileReference; lastKnownFileType = folder.assetcatalog; path = Assets.xcassets; sourceTree = "<group>"; };
		A61AEEDB1E40978F00EDB53B /* Base */ = {isa = PBXFileReference; lastKnownFileType = file.storyboard; name = Base; path = Base.lproj/LaunchScreen.storyboard; sourceTree = "<group>"; };
		A61AEEDD1E40978F00EDB53B /* Info.plist */ = {isa = PBXFileReference; lastKnownFileType = text.plist.xml; path = Info.plist; sourceTree = "<group>"; };
		A61AEEE21E40978F00EDB53B /* Jack SparrotTests.xctest */ = {isa = PBXFileReference; explicitFileType = wrapper.cfbundle; includeInIndex = 0; path = "Jack SparrotTests.xctest"; sourceTree = BUILT_PRODUCTS_DIR; };
		A61AEEE61E40978F00EDB53B /* Jack_SparrotTests.m */ = {isa = PBXFileReference; lastKnownFileType = sourcecode.c.objc; path = Jack_SparrotTests.m; sourceTree = "<group>"; };
		A61AEEE81E40978F00EDB53B /* Info.plist */ = {isa = PBXFileReference; lastKnownFileType = text.plist.xml; path = Info.plist; sourceTree = "<group>"; };
		A61AEEED1E40978F00EDB53B /* Jack SparrotUITests.xctest */ = {isa = PBXFileReference; explicitFileType = wrapper.cfbundle; includeInIndex = 0; path = "Jack SparrotUITests.xctest"; sourceTree = BUILT_PRODUCTS_DIR; };
		A61AEEF11E40978F00EDB53B /* Jack_SparrotUITests.m */ = {isa = PBXFileReference; lastKnownFileType = sourcecode.c.objc; path = Jack_SparrotUITests.m; sourceTree = "<group>"; };
		A61AEEF31E40978F00EDB53B /* Info.plist */ = {isa = PBXFileReference; lastKnownFileType = text.plist.xml; path = Info.plist; sourceTree = "<group>"; };
		A61AEEFF1E409ED800EDB53B /* ViewEcranAccueil.h */ = {isa = PBXFileReference; lastKnownFileType = sourcecode.c.h; name = ViewEcranAccueil.h; path = EcranAccueilView/ViewEcranAccueil.h; sourceTree = "<group>"; };
		A61AEF001E409EEC00EDB53B /* ViewEcranAccueil.m */ = {isa = PBXFileReference; fileEncoding = 4; lastKnownFileType = sourcecode.c.objc; name = ViewEcranAccueil.m; path = EcranAccueilView/ViewEcranAccueil.m; sourceTree = "<group>"; };
		A62504D21E7065C800288587 /* BebopDrone.h */ = {isa = PBXFileReference; fileEncoding = 4; lastKnownFileType = sourcecode.c.h; path = BebopDrone.h; sourceTree = "<group>"; };
		A62504D31E7065C800288587 /* BebopDrone.m */ = {isa = PBXFileReference; fileEncoding = 4; lastKnownFileType = sourcecode.c.objc; path = BebopDrone.m; sourceTree = "<group>"; };
		A6565ED31E49C1E900CC7621 /* ViewControllerManuel.h */ = {isa = PBXFileReference; fileEncoding = 4; lastKnownFileType = sourcecode.c.h; name = ViewControllerManuel.h; path = ChildViewController/ViewControllerManuel.h; sourceTree = "<group>"; };
		A6565ED41E49C1E900CC7621 /* ViewControllerManuel.m */ = {isa = PBXFileReference; fileEncoding = 4; lastKnownFileType = sourcecode.c.objc; name = ViewControllerManuel.m; path = ChildViewController/ViewControllerManuel.m; sourceTree = "<group>"; };
		A668E7E21EA7571900F82E3C /* InterfaceControllerOptions.h */ = {isa = PBXFileReference; fileEncoding = 4; lastKnownFileType = sourcecode.c.h; path = InterfaceControllerOptions.h; sourceTree = "<group>"; };
		A668E7E31EA7571900F82E3C /* InterfaceControllerOptions.m */ = {isa = PBXFileReference; fileEncoding = 4; lastKnownFileType = sourcecode.c.objc; path = InterfaceControllerOptions.m; sourceTree = "<group>"; };
		A668E7E61EA7FD3800F82E3C /* alert.mp3 */ = {isa = PBXFileReference; lastKnownFileType = audio.mp3; path = alert.mp3; sourceTree = "<group>"; };
		A66C32861E9A29A40067D93A /* BebopDroneRecord.h */ = {isa = PBXFileReference; fileEncoding = 4; lastKnownFileType = sourcecode.c.h; path = BebopDroneRecord.h; sourceTree = "<group>"; };
		A67EC1771E4333E500F08072 /* ViewManuel.h */ = {isa = PBXFileReference; fileEncoding = 4; lastKnownFileType = sourcecode.c.h; name = ViewManuel.h; path = ControlerDroneView/ViewManuel.h; sourceTree = "<group>"; };
		A67EC1781E4333E500F08072 /* ViewManuel.m */ = {isa = PBXFileReference; fileEncoding = 4; lastKnownFileType = sourcecode.c.objc; name = ViewManuel.m; path = ControlerDroneView/ViewManuel.m; sourceTree = "<group>"; };
		A692AD5B1E7BF57800A58AEE /* ViewAide.h */ = {isa = PBXFileReference; fileEncoding = 4; lastKnownFileType = sourcecode.c.h; name = ViewAide.h; path = EcranAideView/ViewAide.h; sourceTree = "<group>"; };
		A692AD5C1E7BF57800A58AEE /* ViewControllerAide.h */ = {isa = PBXFileReference; fileEncoding = 4; lastKnownFileType = sourcecode.c.h; name = ViewControllerAide.h; path = EcranAideView/ViewControllerAide.h; sourceTree = "<group>"; };
		A692AD5D1E7BF57800A58AEE /* ViewControllerAide.m */ = {isa = PBXFileReference; fileEncoding = 4; lastKnownFileType = sourcecode.c.objc; name = ViewControllerAide.m; path = EcranAideView/ViewControllerAide.m; sourceTree = "<group>"; };
		A692AD5E1E7BF57800A58AEE /* ViewAide.m */ = {isa = PBXFileReference; fileEncoding = 4; lastKnownFileType = sourcecode.c.objc; name = ViewAide.m; path = EcranAideView/ViewAide.m; sourceTree = "<group>"; };
		A6D4750D1E70754F00B57D3C /* DroneDiscoverer.h */ = {isa = PBXFileReference; fileEncoding = 4; lastKnownFileType = sourcecode.c.h; path = DroneDiscoverer.h; sourceTree = "<group>"; };
		A6D4750E1E70754F00B57D3C /* DroneDiscoverer.m */ = {isa = PBXFileReference; fileEncoding = 4; lastKnownFileType = sourcecode.c.objc; path = DroneDiscoverer.m; sourceTree = "<group>"; };
		A6D475111E72E32F00B57D3C /* ViewControllerOptions.h */ = {isa = PBXFileReference; fileEncoding = 4; lastKnownFileType = sourcecode.c.h; path = ViewControllerOptions.h; sourceTree = "<group>"; };
		A6D475121E72E32F00B57D3C /* ViewControllerOptions.m */ = {isa = PBXFileReference; fileEncoding = 4; lastKnownFileType = sourcecode.c.objc; path = ViewControllerOptions.m; sourceTree = "<group>"; };
		A6D475131E72E32F00B57D3C /* ViewOptions.h */ = {isa = PBXFileReference; fileEncoding = 4; lastKnownFileType = sourcecode.c.h; path = ViewOptions.h; sourceTree = "<group>"; };
		A6D475141E72E32F00B57D3C /* ViewOptions.m */ = {isa = PBXFileReference; fileEncoding = 4; lastKnownFileType = sourcecode.c.objc; path = ViewOptions.m; sourceTree = "<group>"; };
		A6D475171E76F58E00B57D3C /* ViewCouleurs.h */ = {isa = PBXFileReference; fileEncoding = 4; lastKnownFileType = sourcecode.c.h; path = ViewCouleurs.h; sourceTree = "<group>"; };
		A6D475181E76F58E00B57D3C /* ViewCouleurs.m */ = {isa = PBXFileReference; fileEncoding = 4; lastKnownFileType = sourcecode.c.objc; path = ViewCouleurs.m; sourceTree = "<group>"; };
		A6D475191E76F58E00B57D3C /* ViewCouleursController.h */ = {isa = PBXFileReference; fileEncoding = 4; lastKnownFileType = sourcecode.c.h; path = ViewCouleursController.h; sourceTree = "<group>"; };
		A6D4751A1E76F58E00B57D3C /* ViewCouleursController.m */ = {isa = PBXFileReference; fileEncoding = 4; lastKnownFileType = sourcecode.c.objc; path = ViewCouleursController.m; sourceTree = "<group>"; };
		A6E50DC71E5E0A9800830EFD /* Jack Sparrot Watch.app */ = {isa = PBXFileReference; explicitFileType = wrapper.application; includeInIndex = 0; path = "Jack Sparrot Watch.app"; sourceTree = BUILT_PRODUCTS_DIR; };
		A6E50DCA1E5E0A9800830EFD /* Base */ = {isa = PBXFileReference; lastKnownFileType = file.storyboard; name = Base; path = Base.lproj/Interface.storyboard; sourceTree = "<group>"; };
		A6E50DCC1E5E0A9800830EFD /* Assets.xcassets */ = {isa = PBXFileReference; lastKnownFileType = folder.assetcatalog; path = Assets.xcassets; sourceTree = "<group>"; };
		A6E50DCE1E5E0A9800830EFD /* Info.plist */ = {isa = PBXFileReference; lastKnownFileType = text.plist.xml; path = Info.plist; sourceTree = "<group>"; };
		A6E50DD31E5E0A9800830EFD /* Jack Sparrot Watch Extension.appex */ = {isa = PBXFileReference; explicitFileType = "wrapper.app-extension"; includeInIndex = 0; path = "Jack Sparrot Watch Extension.appex"; sourceTree = BUILT_PRODUCTS_DIR; };
		A6E50DD91E5E0A9800830EFD /* PushNotificationPayload.apns */ = {isa = PBXFileReference; lastKnownFileType = text; path = PushNotificationPayload.apns; sourceTree = "<group>"; };
		A6E50DDA1E5E0A9800830EFD /* InterfaceController.h */ = {isa = PBXFileReference; lastKnownFileType = sourcecode.c.h; path = InterfaceController.h; sourceTree = "<group>"; };
		A6E50DDB1E5E0A9800830EFD /* InterfaceController.m */ = {isa = PBXFileReference; lastKnownFileType = sourcecode.c.objc; path = InterfaceController.m; sourceTree = "<group>"; };
		A6E50DDD1E5E0A9800830EFD /* ExtensionDelegate.h */ = {isa = PBXFileReference; lastKnownFileType = sourcecode.c.h; path = ExtensionDelegate.h; sourceTree = "<group>"; };
		A6E50DDE1E5E0A9800830EFD /* ExtensionDelegate.m */ = {isa = PBXFileReference; lastKnownFileType = sourcecode.c.objc; path = ExtensionDelegate.m; sourceTree = "<group>"; };
		A6E50DE01E5E0A9800830EFD /* NotificationController.h */ = {isa = PBXFileReference; lastKnownFileType = sourcecode.c.h; path = NotificationController.h; sourceTree = "<group>"; };
		A6E50DE11E5E0A9800830EFD /* NotificationController.m */ = {isa = PBXFileReference; lastKnownFileType = sourcecode.c.objc; path = NotificationController.m; sourceTree = "<group>"; };
		A6E50DE31E5E0A9800830EFD /* Assets.xcassets */ = {isa = PBXFileReference; lastKnownFileType = folder.assetcatalog; path = Assets.xcassets; sourceTree = "<group>"; };
		A6E50DE51E5E0A9800830EFD /* Info.plist */ = {isa = PBXFileReference; lastKnownFileType = text.plist.xml; path = Info.plist; sourceTree = "<group>"; };
		A6EC7A711E40A54D0075039E /* Base */ = {isa = PBXFileReference; lastKnownFileType = file.storyboard; name = Base; path = "Jack Sparrot/Base.lproj/Main.storyboard"; sourceTree = "<group>"; };
		A6F6EE651E64EBB10007B54D /* main.m */ = {isa = PBXFileReference; fileEncoding = 4; lastKnownFileType = sourcecode.c.objc; path = main.m; sourceTree = "<group>"; };
		A6F6EE681E64F05B0007B54D /* ViewDimensionViewController.h */ = {isa = PBXFileReference; fileEncoding = 4; lastKnownFileType = sourcecode.c.h; name = ViewDimensionViewController.h; path = EcranDimensionsView/ViewDimensionViewController.h; sourceTree = "<group>"; };
		A6F6EE691E64F05B0007B54D /* ViewDimensionViewController.m */ = {isa = PBXFileReference; fileEncoding = 4; lastKnownFileType = sourcecode.c.objc; name = ViewDimensionViewController.m; path = EcranDimensionsView/ViewDimensionViewController.m; sourceTree = "<group>"; };
		A6F6EE6B1E64F0760007B54D /* ViewDimension.h */ = {isa = PBXFileReference; fileEncoding = 4; lastKnownFileType = sourcecode.c.h; name = ViewDimension.h; path = EcranDimensionsView/ViewDimension.h; sourceTree = "<group>"; };
		A6F6EE6C1E64F0760007B54D /* ViewDimension.m */ = {isa = PBXFileReference; fileEncoding = 4; lastKnownFileType = sourcecode.c.objc; name = ViewDimension.m; path = EcranDimensionsView/ViewDimension.m; sourceTree = "<group>"; };
		A6F6EE711E6C26510007B54D /* CustomNavigationController.h */ = {isa = PBXFileReference; fileEncoding = 4; lastKnownFileType = sourcecode.c.h; path = CustomNavigationController.h; sourceTree = "<group>"; };
		A6F6EE721E6C26510007B54D /* CustomNavigationController.m */ = {isa = PBXFileReference; fileEncoding = 4; lastKnownFileType = sourcecode.c.objc; path = CustomNavigationController.m; sourceTree = "<group>"; };
		ECE9DCA41E7C02FB008F92F4 /* demoChangementAxes.mov */ = {isa = PBXFileReference; lastKnownFileType = video.quicktime; name = demoChangementAxes.mov; path = Videos/demoChangementAxes.mov; sourceTree = "<group>"; };
		ECE9DCA51E7C02FB008F92F4 /* demoChangementCouleur.mov */ = {isa = PBXFileReference; lastKnownFileType = video.quicktime; name = demoChangementCouleur.mov; path = Videos/demoChangementCouleur.mov; sourceTree = "<group>"; };
		ECE9DCA61E7C02FB008F92F4 /* demoChangementMode.mov */ = {isa = PBXFileReference; lastKnownFileType = video.quicktime; name = demoChangementMode.mov; path = Videos/demoChangementMode.mov; sourceTree = "<group>"; };
		ECE9DCA71E7C02FB008F92F4 /* demoRetourAccueil.mov */ = {isa = PBXFileReference; lastKnownFileType = video.quicktime; name = demoRetourAccueil.mov; path = Videos/demoRetourAccueil.mov; sourceTree = "<group>"; };
/* End PBXFileReference section */

/* Begin PBXFrameworksBuildPhase section */
		A61AEEC31E40978F00EDB53B /* Frameworks */ = {
			isa = PBXFrameworksBuildPhase;
			buildActionMask = 2147483647;
			files = (
			);
			runOnlyForDeploymentPostprocessing = 0;
		};
		A61AEEDF1E40978F00EDB53B /* Frameworks */ = {
			isa = PBXFrameworksBuildPhase;
			buildActionMask = 2147483647;
			files = (
			);
			runOnlyForDeploymentPostprocessing = 0;
		};
		A61AEEEA1E40978F00EDB53B /* Frameworks */ = {
			isa = PBXFrameworksBuildPhase;
			buildActionMask = 2147483647;
			files = (
			);
			runOnlyForDeploymentPostprocessing = 0;
		};
		A6E50DD01E5E0A9800830EFD /* Frameworks */ = {
			isa = PBXFrameworksBuildPhase;
			buildActionMask = 2147483647;
			files = (
			);
			runOnlyForDeploymentPostprocessing = 0;
		};
/* End PBXFrameworksBuildPhase section */

/* Begin PBXGroup section */
		A61AEEBD1E40978F00EDB53B = {
			isa = PBXGroup;
			children = (
				A6EC7A701E40A54D0075039E /* Main.storyboard */,
				A61AEEC81E40978F00EDB53B /* Jack Sparrot */,
				A61AEEE51E40978F00EDB53B /* Jack SparrotTests */,
				A61AEEF01E40978F00EDB53B /* Jack SparrotUITests */,
				A6E50DC81E5E0A9800830EFD /* Jack Sparrot Watch */,
				A6E50DD71E5E0A9800830EFD /* Jack Sparrot Watch Extension */,
				A61AEEC71E40978F00EDB53B /* Products */,
				A62503F01E7061A900288587 /* Frameworks */,
			);
			sourceTree = "<group>";
		};
		A61AEEC71E40978F00EDB53B /* Products */ = {
			isa = PBXGroup;
			children = (
				A61AEEC61E40978F00EDB53B /* Jack Sparrot.app */,
				A61AEEE21E40978F00EDB53B /* Jack SparrotTests.xctest */,
				A61AEEED1E40978F00EDB53B /* Jack SparrotUITests.xctest */,
				A6E50DC71E5E0A9800830EFD /* Jack Sparrot Watch.app */,
				A6E50DD31E5E0A9800830EFD /* Jack Sparrot Watch Extension.appex */,
			);
			name = Products;
			sourceTree = "<group>";
		};
		A61AEEC81E40978F00EDB53B /* Jack Sparrot */ = {
			isa = PBXGroup;
			children = (
				A668E7E61EA7FD3800F82E3C /* alert.mp3 */,
				ECE9DCA31E7C02D2008F92F4 /* Videos */,
				A6D4750C1E70753700B57D3C /* pkgDiscovery */,
				A62504D11E7065B600288587 /* pkgDrone */,
				A61AEECC1E40978F00EDB53B /* AppDelegate.h */,
				A61AEECD1E40978F00EDB53B /* AppDelegate.m */,
				A61AEED81E40978F00EDB53B /* Assets.xcassets */,
				A61AEEDA1E40978F00EDB53B /* LaunchScreen.storyboard */,
				A61AEEDD1E40978F00EDB53B /* Info.plist */,
				A61AEED51E40978F00EDB53B /* Jack_Sparrot.xcdatamodeld */,
				A6D475101E72E32F00B57D3C /* pkgEcranOptionsView */,
				A61AEEC91E40978F00EDB53B /* pkgEcranAccueilView */,
				A67EC1761E4333BF00F08072 /* pkgEcranDroneView */,
				EC0C622F1E7BF40500413B9A /* pkgEcranAideView */,
			);
			path = "Jack Sparrot";
			sourceTree = "<group>";
		};
		A61AEEC91E40978F00EDB53B /* pkgEcranAccueilView */ = {
			isa = PBXGroup;
			children = (
				A6F6EE651E64EBB10007B54D /* main.m */,
				A61AEECF1E40978F00EDB53B /* ViewControllerAcceuil.h */,
				A61AEED01E40978F00EDB53B /* ViewControllerAcceuil.m */,
				A61AEEFF1E409ED800EDB53B /* ViewEcranAccueil.h */,
				A61AEF001E409EEC00EDB53B /* ViewEcranAccueil.m */,
				A6F6EE711E6C26510007B54D /* CustomNavigationController.h */,
				A6F6EE721E6C26510007B54D /* CustomNavigationController.m */,
			);
			name = pkgEcranAccueilView;
			sourceTree = "<group>";
		};
		A61AEEE51E40978F00EDB53B /* Jack SparrotTests */ = {
			isa = PBXGroup;
			children = (
				A61AEEE61E40978F00EDB53B /* Jack_SparrotTests.m */,
				A61AEEE81E40978F00EDB53B /* Info.plist */,
			);
			path = "Jack SparrotTests";
			sourceTree = "<group>";
		};
		A61AEEF01E40978F00EDB53B /* Jack SparrotUITests */ = {
			isa = PBXGroup;
			children = (
				A61AEEF11E40978F00EDB53B /* Jack_SparrotUITests.m */,
				A61AEEF31E40978F00EDB53B /* Info.plist */,
			);
			path = "Jack SparrotUITests";
			sourceTree = "<group>";
		};
		A62503F01E7061A900288587 /* Frameworks */ = {
			isa = PBXGroup;
			children = (
			);
			name = Frameworks;
			sourceTree = "<group>";
		};
		A62504D11E7065B600288587 /* pkgDrone */ = {
			isa = PBXGroup;
			children = (
				A66C32861E9A29A40067D93A /* BebopDroneRecord.h */,
				A62504D21E7065C800288587 /* BebopDrone.h */,
				A62504D31E7065C800288587 /* BebopDrone.m */,
			);
			name = pkgDrone;
			sourceTree = "<group>";
		};
		A67EC1761E4333BF00F08072 /* pkgEcranDroneView */ = {
			isa = PBXGroup;
			children = (
				A6F6EE671E64F0210007B54D /* EcranDimensionsView */,
				A67EC1771E4333E500F08072 /* ViewManuel.h */,
				A67EC1781E4333E500F08072 /* ViewManuel.m */,
				A6565ED31E49C1E900CC7621 /* ViewControllerManuel.h */,
				A6565ED41E49C1E900CC7621 /* ViewControllerManuel.m */,
			);
			name = pkgEcranDroneView;
			sourceTree = "<group>";
		};
		A6D4750C1E70753700B57D3C /* pkgDiscovery */ = {
			isa = PBXGroup;
			children = (
				A6D4750D1E70754F00B57D3C /* DroneDiscoverer.h */,
				A6D4750E1E70754F00B57D3C /* DroneDiscoverer.m */,
			);
			name = pkgDiscovery;
			sourceTree = "<group>";
		};
		A6D475101E72E32F00B57D3C /* pkgEcranOptionsView */ = {
			isa = PBXGroup;
			children = (
				A6D4751D1E76F5CE00B57D3C /* ViewCouleurs */,
				A6D475111E72E32F00B57D3C /* ViewControllerOptions.h */,
				A6D475121E72E32F00B57D3C /* ViewControllerOptions.m */,
				A6D475131E72E32F00B57D3C /* ViewOptions.h */,
				A6D475141E72E32F00B57D3C /* ViewOptions.m */,
			);
			name = pkgEcranOptionsView;
			path = OptionsView;
			sourceTree = "<group>";
		};
		A6D4751D1E76F5CE00B57D3C /* ViewCouleurs */ = {
			isa = PBXGroup;
			children = (
				A6D475171E76F58E00B57D3C /* ViewCouleurs.h */,
				A6D475181E76F58E00B57D3C /* ViewCouleurs.m */,
				A6D475191E76F58E00B57D3C /* ViewCouleursController.h */,
				A6D4751A1E76F58E00B57D3C /* ViewCouleursController.m */,
			);
			name = ViewCouleurs;
			sourceTree = "<group>";
		};
		A6E50DC81E5E0A9800830EFD /* Jack Sparrot Watch */ = {
			isa = PBXGroup;
			children = (
				A6E50DC91E5E0A9800830EFD /* Interface.storyboard */,
				A6E50DCC1E5E0A9800830EFD /* Assets.xcassets */,
				A6E50DCE1E5E0A9800830EFD /* Info.plist */,
			);
			path = "Jack Sparrot Watch";
			sourceTree = "<group>";
		};
		A6E50DD71E5E0A9800830EFD /* Jack Sparrot Watch Extension */ = {
			isa = PBXGroup;
			children = (
				A6E50DDA1E5E0A9800830EFD /* InterfaceController.h */,
				A6E50DDB1E5E0A9800830EFD /* InterfaceController.m */,
				A668E7E21EA7571900F82E3C /* InterfaceControllerOptions.h */,
				A668E7E31EA7571900F82E3C /* InterfaceControllerOptions.m */,
				A6E50DDD1E5E0A9800830EFD /* ExtensionDelegate.h */,
				A6E50DDE1E5E0A9800830EFD /* ExtensionDelegate.m */,
				A6E50DE01E5E0A9800830EFD /* NotificationController.h */,
				A6E50DE11E5E0A9800830EFD /* NotificationController.m */,
				A6E50DE31E5E0A9800830EFD /* Assets.xcassets */,
				A6E50DE51E5E0A9800830EFD /* Info.plist */,
				A6E50DD81E5E0A9800830EFD /* Supporting Files */,
			);
			path = "Jack Sparrot Watch Extension";
			sourceTree = "<group>";
		};
		A6E50DD81E5E0A9800830EFD /* Supporting Files */ = {
			isa = PBXGroup;
			children = (
				A6E50DD91E5E0A9800830EFD /* PushNotificationPayload.apns */,
			);
			name = "Supporting Files";
			sourceTree = "<group>";
		};
		A6F6EE671E64F0210007B54D /* EcranDimensionsView */ = {
			isa = PBXGroup;
			children = (
				A6F6EE681E64F05B0007B54D /* ViewDimensionViewController.h */,
				A6F6EE691E64F05B0007B54D /* ViewDimensionViewController.m */,
				A6F6EE6B1E64F0760007B54D /* ViewDimension.h */,
				A6F6EE6C1E64F0760007B54D /* ViewDimension.m */,
			);
			name = EcranDimensionsView;
			sourceTree = "<group>";
		};
		EC0C622F1E7BF40500413B9A /* pkgEcranAideView */ = {
			isa = PBXGroup;
			children = (
				A692AD5B1E7BF57800A58AEE /* ViewAide.h */,
				A692AD5E1E7BF57800A58AEE /* ViewAide.m */,
				A692AD5C1E7BF57800A58AEE /* ViewControllerAide.h */,
				A692AD5D1E7BF57800A58AEE /* ViewControllerAide.m */,
			);
			name = pkgEcranAideView;
			sourceTree = "<group>";
		};
		ECE9DCA31E7C02D2008F92F4 /* Videos */ = {
			isa = PBXGroup;
			children = (
				ECE9DCA41E7C02FB008F92F4 /* demoChangementAxes.mov */,
				ECE9DCA51E7C02FB008F92F4 /* demoChangementCouleur.mov */,
				ECE9DCA61E7C02FB008F92F4 /* demoChangementMode.mov */,
				ECE9DCA71E7C02FB008F92F4 /* demoRetourAccueil.mov */,
			);
			name = Videos;
			sourceTree = "<group>";
		};
/* End PBXGroup section */

/* Begin PBXNativeTarget section */
		A61AEEC51E40978F00EDB53B /* Jack Sparrot */ = {
			isa = PBXNativeTarget;
			buildConfigurationList = A61AEEF61E40978F00EDB53B /* Build configuration list for PBXNativeTarget "Jack Sparrot" */;
			buildPhases = (
				A61AEEC21E40978F00EDB53B /* Sources */,
				A61AEEC31E40978F00EDB53B /* Frameworks */,
				A61AEEC41E40978F00EDB53B /* Resources */,
				A6E50DF01E5E0A9800830EFD /* Embed Watch Content */,
			);
			buildRules = (
			);
			dependencies = (
				A6E50DE71E5E0A9800830EFD /* PBXTargetDependency */,
			);
			name = "Jack Sparrot";
			productName = "Jack Sparrot";
			productReference = A61AEEC61E40978F00EDB53B /* Jack Sparrot.app */;
			productType = "com.apple.product-type.application";
		};
		A61AEEE11E40978F00EDB53B /* Jack SparrotTests */ = {
			isa = PBXNativeTarget;
			buildConfigurationList = A61AEEF91E40978F00EDB53B /* Build configuration list for PBXNativeTarget "Jack SparrotTests" */;
			buildPhases = (
				A61AEEDE1E40978F00EDB53B /* Sources */,
				A61AEEDF1E40978F00EDB53B /* Frameworks */,
				A61AEEE01E40978F00EDB53B /* Resources */,
			);
			buildRules = (
			);
			dependencies = (
				A61AEEE41E40978F00EDB53B /* PBXTargetDependency */,
			);
			name = "Jack SparrotTests";
			productName = "Jack SparrotTests";
			productReference = A61AEEE21E40978F00EDB53B /* Jack SparrotTests.xctest */;
			productType = "com.apple.product-type.bundle.unit-test";
		};
		A61AEEEC1E40978F00EDB53B /* Jack SparrotUITests */ = {
			isa = PBXNativeTarget;
			buildConfigurationList = A61AEEFC1E40978F00EDB53B /* Build configuration list for PBXNativeTarget "Jack SparrotUITests" */;
			buildPhases = (
				A61AEEE91E40978F00EDB53B /* Sources */,
				A61AEEEA1E40978F00EDB53B /* Frameworks */,
				A61AEEEB1E40978F00EDB53B /* Resources */,
			);
			buildRules = (
			);
			dependencies = (
				A61AEEEF1E40978F00EDB53B /* PBXTargetDependency */,
			);
			name = "Jack SparrotUITests";
			productName = "Jack SparrotUITests";
			productReference = A61AEEED1E40978F00EDB53B /* Jack SparrotUITests.xctest */;
			productType = "com.apple.product-type.bundle.ui-testing";
		};
		A6E50DC61E5E0A9800830EFD /* Jack Sparrot Watch */ = {
			isa = PBXNativeTarget;
			buildConfigurationList = A6E50DEF1E5E0A9800830EFD /* Build configuration list for PBXNativeTarget "Jack Sparrot Watch" */;
			buildPhases = (
				A6E50DC51E5E0A9800830EFD /* Resources */,
				A6E50DEE1E5E0A9800830EFD /* Embed App Extensions */,
			);
			buildRules = (
			);
			dependencies = (
				A6E50DD61E5E0A9800830EFD /* PBXTargetDependency */,
			);
			name = "Jack Sparrot Watch";
			productName = "Jack Sparrot Watch";
			productReference = A6E50DC71E5E0A9800830EFD /* Jack Sparrot Watch.app */;
			productType = "com.apple.product-type.application.watchapp2";
		};
		A6E50DD21E5E0A9800830EFD /* Jack Sparrot Watch Extension */ = {
			isa = PBXNativeTarget;
			buildConfigurationList = A6E50DED1E5E0A9800830EFD /* Build configuration list for PBXNativeTarget "Jack Sparrot Watch Extension" */;
			buildPhases = (
				A6E50DCF1E5E0A9800830EFD /* Sources */,
				A6E50DD01E5E0A9800830EFD /* Frameworks */,
				A6E50DD11E5E0A9800830EFD /* Resources */,
			);
			buildRules = (
			);
			dependencies = (
			);
			name = "Jack Sparrot Watch Extension";
			productName = "Jack Sparrot Watch Extension";
			productReference = A6E50DD31E5E0A9800830EFD /* Jack Sparrot Watch Extension.appex */;
			productType = "com.apple.product-type.watchkit2-extension";
		};
/* End PBXNativeTarget section */

/* Begin PBXProject section */
		A61AEEBE1E40978F00EDB53B /* Project object */ = {
			isa = PBXProject;
			attributes = {
				LastUpgradeCheck = 0820;
				TargetAttributes = {
					A61AEEC51E40978F00EDB53B = {
						CreatedOnToolsVersion = 8.2.1;
						DevelopmentTeam = L99GSY552M;
						ProvisioningStyle = Automatic;
					};
					A61AEEE11E40978F00EDB53B = {
						CreatedOnToolsVersion = 8.2.1;
						ProvisioningStyle = Automatic;
						TestTargetID = A61AEEC51E40978F00EDB53B;
					};
					A61AEEEC1E40978F00EDB53B = {
						CreatedOnToolsVersion = 8.2.1;
						DevelopmentTeam = L99GSY552M;
						ProvisioningStyle = Automatic;
						TestTargetID = A61AEEC51E40978F00EDB53B;
					};
					A6E50DC61E5E0A9800830EFD = {
						CreatedOnToolsVersion = 8.2.1;
						DevelopmentTeam = L99GSY552M;
						ProvisioningStyle = Automatic;
					};
					A6E50DD21E5E0A9800830EFD = {
						CreatedOnToolsVersion = 8.2.1;
						DevelopmentTeam = L99GSY552M;
						ProvisioningStyle = Automatic;
					};
				};
			};
			buildConfigurationList = A61AEEC11E40978F00EDB53B /* Build configuration list for PBXProject "Jack Sparrot" */;
			compatibilityVersion = "Xcode 3.2";
			developmentRegion = English;
			hasScannedForEncodings = 0;
			knownRegions = (
				en,
				Base,
			);
			mainGroup = A61AEEBD1E40978F00EDB53B;
			productRefGroup = A61AEEC71E40978F00EDB53B /* Products */;
			projectDirPath = "";
			projectRoot = "";
			targets = (
				A61AEEC51E40978F00EDB53B /* Jack Sparrot */,
				A61AEEE11E40978F00EDB53B /* Jack SparrotTests */,
				A61AEEEC1E40978F00EDB53B /* Jack SparrotUITests */,
				A6E50DC61E5E0A9800830EFD /* Jack Sparrot Watch */,
				A6E50DD21E5E0A9800830EFD /* Jack Sparrot Watch Extension */,
			);
		};
/* End PBXProject section */

/* Begin PBXResourcesBuildPhase section */
		A61AEEC41E40978F00EDB53B /* Resources */ = {
			isa = PBXResourcesBuildPhase;
			buildActionMask = 2147483647;
			files = (
				ECE9DCA81E7C02FB008F92F4 /* demoChangementAxes.mov in Resources */,
				ECE9DCA91E7C02FB008F92F4 /* demoChangementCouleur.mov in Resources */,
				ECE9DCAA1E7C02FB008F92F4 /* demoChangementMode.mov in Resources */,
				ECE9DCAB1E7C02FB008F92F4 /* demoRetourAccueil.mov in Resources */,
				A6EC7A721E40A54D0075039E /* Main.storyboard in Resources */,
				A61AEEDC1E40978F00EDB53B /* LaunchScreen.storyboard in Resources */,
				A61AEED91E40978F00EDB53B /* Assets.xcassets in Resources */,
				A668E7E71EA7FD3800F82E3C /* alert.mp3 in Resources */,
			);
			runOnlyForDeploymentPostprocessing = 0;
		};
		A61AEEE01E40978F00EDB53B /* Resources */ = {
			isa = PBXResourcesBuildPhase;
			buildActionMask = 2147483647;
			files = (
			);
			runOnlyForDeploymentPostprocessing = 0;
		};
		A61AEEEB1E40978F00EDB53B /* Resources */ = {
			isa = PBXResourcesBuildPhase;
			buildActionMask = 2147483647;
			files = (
			);
			runOnlyForDeploymentPostprocessing = 0;
		};
		A6E50DC51E5E0A9800830EFD /* Resources */ = {
			isa = PBXResourcesBuildPhase;
			buildActionMask = 2147483647;
			files = (
				A6E50DCD1E5E0A9800830EFD /* Assets.xcassets in Resources */,
				A6E50DCB1E5E0A9800830EFD /* Interface.storyboard in Resources */,
			);
			runOnlyForDeploymentPostprocessing = 0;
		};
		A6E50DD11E5E0A9800830EFD /* Resources */ = {
			isa = PBXResourcesBuildPhase;
			buildActionMask = 2147483647;
			files = (
				A6E50DE41E5E0A9800830EFD /* Assets.xcassets in Resources */,
			);
			runOnlyForDeploymentPostprocessing = 0;
		};
/* End PBXResourcesBuildPhase section */

/* Begin PBXSourcesBuildPhase section */
		A61AEEC21E40978F00EDB53B /* Sources */ = {
			isa = PBXSourcesBuildPhase;
			buildActionMask = 2147483647;
			files = (
				A6F6EE6A1E64F05B0007B54D /* ViewDimensionViewController.m in Sources */,
				A62504D41E7065C800288587 /* BebopDrone.m in Sources */,
				A692AD601E7BF57800A58AEE /* ViewAide.m in Sources */,
				A67EC1791E4333E500F08072 /* ViewManuel.m in Sources */,
				A6565ED61E49C1E900CC7621 /* ViewControllerManuel.m in Sources */,
				A6D4751C1E76F58E00B57D3C /* ViewCouleursController.m in Sources */,
				A6D4751B1E76F58E00B57D3C /* ViewCouleurs.m in Sources */,
				A61AEED71E40978F00EDB53B /* Jack_Sparrot.xcdatamodeld in Sources */,
				A6D475161E72E32F00B57D3C /* ViewOptions.m in Sources */,
				A61AEED11E40978F00EDB53B /* ViewControllerAcceuil.m in Sources */,
				A6D4750F1E70754F00B57D3C /* DroneDiscoverer.m in Sources */,
				A61AEECE1E40978F00EDB53B /* AppDelegate.m in Sources */,
				A6F6EE731E6C26510007B54D /* CustomNavigationController.m in Sources */,
				A6F6EE661E64EBB10007B54D /* main.m in Sources */,
				A6F6EE6D1E64F0760007B54D /* ViewDimension.m in Sources */,
				A61AEF011E409EEC00EDB53B /* ViewEcranAccueil.m in Sources */,
				A6D475151E72E32F00B57D3C /* ViewControllerOptions.m in Sources */,
				A692AD5F1E7BF57800A58AEE /* ViewControllerAide.m in Sources */,
			);
			runOnlyForDeploymentPostprocessing = 0;
		};
		A61AEEDE1E40978F00EDB53B /* Sources */ = {
			isa = PBXSourcesBuildPhase;
			buildActionMask = 2147483647;
			files = (
				A61AEEE71E40978F00EDB53B /* Jack_SparrotTests.m in Sources */,
			);
			runOnlyForDeploymentPostprocessing = 0;
		};
		A61AEEE91E40978F00EDB53B /* Sources */ = {
			isa = PBXSourcesBuildPhase;
			buildActionMask = 2147483647;
			files = (
				A61AEEF21E40978F00EDB53B /* Jack_SparrotUITests.m in Sources */,
			);
			runOnlyForDeploymentPostprocessing = 0;
		};
		A6E50DCF1E5E0A9800830EFD /* Sources */ = {
			isa = PBXSourcesBuildPhase;
			buildActionMask = 2147483647;
			files = (
				A668E7E41EA7571900F82E3C /* InterfaceControllerOptions.m in Sources */,
				A6E50DDF1E5E0A9800830EFD /* ExtensionDelegate.m in Sources */,
				A6E50DDC1E5E0A9800830EFD /* InterfaceController.m in Sources */,
				A6E50DE21E5E0A9800830EFD /* NotificationController.m in Sources */,
			);
			runOnlyForDeploymentPostprocessing = 0;
		};
/* End PBXSourcesBuildPhase section */

/* Begin PBXTargetDependency section */
		A61AEEE41E40978F00EDB53B /* PBXTargetDependency */ = {
			isa = PBXTargetDependency;
			target = A61AEEC51E40978F00EDB53B /* Jack Sparrot */;
			targetProxy = A61AEEE31E40978F00EDB53B /* PBXContainerItemProxy */;
		};
		A61AEEEF1E40978F00EDB53B /* PBXTargetDependency */ = {
			isa = PBXTargetDependency;
			target = A61AEEC51E40978F00EDB53B /* Jack Sparrot */;
			targetProxy = A61AEEEE1E40978F00EDB53B /* PBXContainerItemProxy */;
		};
		A6E50DD61E5E0A9800830EFD /* PBXTargetDependency */ = {
			isa = PBXTargetDependency;
			target = A6E50DD21E5E0A9800830EFD /* Jack Sparrot Watch Extension */;
			targetProxy = A6E50DD51E5E0A9800830EFD /* PBXContainerItemProxy */;
		};
		A6E50DE71E5E0A9800830EFD /* PBXTargetDependency */ = {
			isa = PBXTargetDependency;
			target = A6E50DC61E5E0A9800830EFD /* Jack Sparrot Watch */;
			targetProxy = A6E50DE61E5E0A9800830EFD /* PBXContainerItemProxy */;
		};
/* End PBXTargetDependency section */

/* Begin PBXVariantGroup section */
		A61AEEDA1E40978F00EDB53B /* LaunchScreen.storyboard */ = {
			isa = PBXVariantGroup;
			children = (
				A61AEEDB1E40978F00EDB53B /* Base */,
			);
			name = LaunchScreen.storyboard;
			sourceTree = "<group>";
		};
		A6E50DC91E5E0A9800830EFD /* Interface.storyboard */ = {
			isa = PBXVariantGroup;
			children = (
				A6E50DCA1E5E0A9800830EFD /* Base */,
			);
			name = Interface.storyboard;
			sourceTree = "<group>";
		};
		A6EC7A701E40A54D0075039E /* Main.storyboard */ = {
			isa = PBXVariantGroup;
			children = (
				A6EC7A711E40A54D0075039E /* Base */,
			);
			name = Main.storyboard;
			sourceTree = "<group>";
		};
/* End PBXVariantGroup section */

/* Begin XCBuildConfiguration section */
		A61AEEF41E40978F00EDB53B /* Debug */ = {
			isa = XCBuildConfiguration;
			buildSettings = {
				ALWAYS_SEARCH_USER_PATHS = NO;
				CLANG_ANALYZER_NONNULL = YES;
				CLANG_CXX_LANGUAGE_STANDARD = "gnu++0x";
				CLANG_CXX_LIBRARY = "libc++";
				CLANG_ENABLE_MODULES = YES;
				CLANG_ENABLE_OBJC_ARC = YES;
				CLANG_WARN_BOOL_CONVERSION = YES;
				CLANG_WARN_CONSTANT_CONVERSION = YES;
				CLANG_WARN_DIRECT_OBJC_ISA_USAGE = YES_ERROR;
				CLANG_WARN_DOCUMENTATION_COMMENTS = YES;
				CLANG_WARN_EMPTY_BODY = YES;
				CLANG_WARN_ENUM_CONVERSION = YES;
				CLANG_WARN_INFINITE_RECURSION = YES;
				CLANG_WARN_INT_CONVERSION = YES;
				CLANG_WARN_OBJC_ROOT_CLASS = YES_ERROR;
				CLANG_WARN_SUSPICIOUS_MOVE = YES;
				CLANG_WARN_UNREACHABLE_CODE = YES;
				CLANG_WARN__DUPLICATE_METHOD_MATCH = YES;
				"CODE_SIGN_IDENTITY[sdk=iphoneos*]" = "iPhone Developer";
				COPY_PHASE_STRIP = NO;
				DEBUG_INFORMATION_FORMAT = dwarf;
				ENABLE_STRICT_OBJC_MSGSEND = YES;
				ENABLE_TESTABILITY = YES;
				GCC_C_LANGUAGE_STANDARD = gnu99;
				GCC_DYNAMIC_NO_PIC = NO;
				GCC_NO_COMMON_BLOCKS = YES;
				GCC_OPTIMIZATION_LEVEL = 0;
				GCC_PREPROCESSOR_DEFINITIONS = (
					"DEBUG=1",
					"$(inherited)",
				);
				GCC_WARN_64_TO_32_BIT_CONVERSION = YES;
				GCC_WARN_ABOUT_RETURN_TYPE = YES_ERROR;
				GCC_WARN_UNDECLARED_SELECTOR = YES;
				GCC_WARN_UNINITIALIZED_AUTOS = YES_AGGRESSIVE;
				GCC_WARN_UNUSED_FUNCTION = YES;
				GCC_WARN_UNUSED_VARIABLE = YES;
				IPHONEOS_DEPLOYMENT_TARGET = 10.2;
				MTL_ENABLE_DEBUG_INFO = YES;
				ONLY_ACTIVE_ARCH = YES;
				SDKROOT = iphoneos;
				TARGETED_DEVICE_FAMILY = "1,2";
			};
			name = Debug;
		};
		A61AEEF51E40978F00EDB53B /* Release */ = {
			isa = XCBuildConfiguration;
			buildSettings = {
				ALWAYS_SEARCH_USER_PATHS = NO;
				CLANG_ANALYZER_NONNULL = YES;
				CLANG_CXX_LANGUAGE_STANDARD = "gnu++0x";
				CLANG_CXX_LIBRARY = "libc++";
				CLANG_ENABLE_MODULES = YES;
				CLANG_ENABLE_OBJC_ARC = YES;
				CLANG_WARN_BOOL_CONVERSION = YES;
				CLANG_WARN_CONSTANT_CONVERSION = YES;
				CLANG_WARN_DIRECT_OBJC_ISA_USAGE = YES_ERROR;
				CLANG_WARN_DOCUMENTATION_COMMENTS = YES;
				CLANG_WARN_EMPTY_BODY = YES;
				CLANG_WARN_ENUM_CONVERSION = YES;
				CLANG_WARN_INFINITE_RECURSION = YES;
				CLANG_WARN_INT_CONVERSION = YES;
				CLANG_WARN_OBJC_ROOT_CLASS = YES_ERROR;
				CLANG_WARN_SUSPICIOUS_MOVE = YES;
				CLANG_WARN_UNREACHABLE_CODE = YES;
				CLANG_WARN__DUPLICATE_METHOD_MATCH = YES;
				"CODE_SIGN_IDENTITY[sdk=iphoneos*]" = "iPhone Developer";
				COPY_PHASE_STRIP = NO;
				DEBUG_INFORMATION_FORMAT = "dwarf-with-dsym";
				ENABLE_NS_ASSERTIONS = NO;
				ENABLE_STRICT_OBJC_MSGSEND = YES;
				GCC_C_LANGUAGE_STANDARD = gnu99;
				GCC_NO_COMMON_BLOCKS = YES;
				GCC_WARN_64_TO_32_BIT_CONVERSION = YES;
				GCC_WARN_ABOUT_RETURN_TYPE = YES_ERROR;
				GCC_WARN_UNDECLARED_SELECTOR = YES;
				GCC_WARN_UNINITIALIZED_AUTOS = YES_AGGRESSIVE;
				GCC_WARN_UNUSED_FUNCTION = YES;
				GCC_WARN_UNUSED_VARIABLE = YES;
				IPHONEOS_DEPLOYMENT_TARGET = 10.2;
				MTL_ENABLE_DEBUG_INFO = NO;
				SDKROOT = iphoneos;
				TARGETED_DEVICE_FAMILY = "1,2";
				VALIDATE_PRODUCT = YES;
			};
			name = Release;
		};
		A61AEEF71E40978F00EDB53B /* Debug */ = {
			isa = XCBuildConfiguration;
			buildSettings = {
				ASSETCATALOG_COMPILER_APPICON_NAME = AppIcon;
				DEVELOPMENT_TEAM = L99GSY552M;
				"HEADER_SEARCH_PATHS[sdk=iphoneos*]" = "./ARSDK3_iOS_3_9_2/iOS-iphoneos/staging/usr/include";
				"HEADER_SEARCH_PATHS[sdk=iphonesimulator*]" = "./ARSDK3_iOS_3_9_2/iOS-iphonesimulator/staging/usr/include";
				"HEADER_SEARCH_PATHS[sdk=watchos3.1]" = "./ARSDK3_iOS_3_9_2/iOS-iphoneos/staging/usr/include";
				"HEADER_SEARCH_PATHS[sdk=watchsimulator*]" = "./ARSDK3_iOS_3_9_2/iOS-iphonesimulator/staging/usr/include";
				INFOPLIST_FILE = "Jack Sparrot/Info.plist";
				IPHONEOS_DEPLOYMENT_TARGET = 10.0;
				LD_RUNPATH_SEARCH_PATHS = "$(inherited) @executable_path/Frameworks";
				"LIBRARY_SEARCH_PATHS[sdk=iphoneos*]" = "./ARSDK3_iOS_3_9_2/iOS-iphoneos/staging/usr/lib";
				"LIBRARY_SEARCH_PATHS[sdk=iphonesimulator*]" = "./ARSDK3_iOS_3_9_2/iOS-iphonesimulator/staging/usr/lib";
				"LIBRARY_SEARCH_PATHS[sdk=watchos3.1]" = "./ARSDK3_iOS_3_9_2/iOS-iphoneos/staging/usr/lib";
				"LIBRARY_SEARCH_PATHS[sdk=watchsimulator3.1]" = "./ARSDK3_iOS_3_9_2/iOS-iphonesimulator/staging/usr/lib";
				OTHER_LDFLAGS = (
					"-larcommands",
					"-larcontroller",
					"-lardiscovery",
					"-larnetwork",
					"-larnetworkal",
					"-larsal",
					"-larstream",
					"-larstream2",
					"-larmavlink",
					"-ljson",
					"-larmedia",
					"-larutils",
					"-lcurl",
					"-lardatatransfer",
					"-lcrypto",
					"-lssl",
					"-lz",
				);
				PRODUCT_BUNDLE_IDENTIFIER = "fr.upmc.sar.projet.Jack-Sparrot";
				PRODUCT_NAME = "$(TARGET_NAME)";
				TARGETED_DEVICE_FAMILY = 1;
			};
			name = Debug;
		};
		A61AEEF81E40978F00EDB53B /* Release */ = {
			isa = XCBuildConfiguration;
			buildSettings = {
				ASSETCATALOG_COMPILER_APPICON_NAME = AppIcon;
				DEVELOPMENT_TEAM = L99GSY552M;
				"HEADER_SEARCH_PATHS[sdk=iphoneos*]" = "./ARSDK3_iOS_3_9_2/iOS-iphoneos/staging/usr/include";
				"HEADER_SEARCH_PATHS[sdk=iphonesimulator*]" = "./ARSDK3_iOS_3_9_2/iOS-iphonesimulator/staging/usr/include";
				"HEADER_SEARCH_PATHS[sdk=watchos3.1]" = "./ARSDK3_iOS_3_9_2/iOS-iphoneos/staging/usr/include";
				"HEADER_SEARCH_PATHS[sdk=watchsimulator3.1]" = "./ARSDK3_iOS_3_9_2/iOS-iphonesimulator/staging/usr/include";
				INFOPLIST_FILE = "Jack Sparrot/Info.plist";
				IPHONEOS_DEPLOYMENT_TARGET = 10.0;
				LD_RUNPATH_SEARCH_PATHS = "$(inherited) @executable_path/Frameworks";
				"LIBRARY_SEARCH_PATHS[sdk=iphoneos*]" = "./ARSDK3_iOS_3_9_2/iOS-iphoneos/staging/usr/lib";
				"LIBRARY_SEARCH_PATHS[sdk=iphonesimulator*]" = "./ARSDK3_iOS_3_9_2/iOS-iphonesimulator/staging/usr/lib";
				"LIBRARY_SEARCH_PATHS[sdk=watchos3.1]" = "./ARSDK3_iOS_3_9_2/iOS-iphoneos/staging/usr/lib";
				"LIBRARY_SEARCH_PATHS[sdk=watchsimulator3.1]" = "./ARSDK3_iOS_3_9_2/iOS-iphonesimulator/staging/usr/lib";
				OTHER_LDFLAGS = (
					"-larcommands",
					"-larcontroller",
					"-lardiscovery",
					"-larnetwork",
					"-larnetworkal",
					"-larsal",
					"-larstream",
					"-larstream2",
					"-larmavlink",
					"-ljson",
					"-larmedia",
					"-larutils",
					"-lcurl",
					"-lardatatransfer",
					"-lcrypto",
					"-lssl",
					"-lz",
				);
				PRODUCT_BUNDLE_IDENTIFIER = "fr.upmc.sar.projet.Jack-Sparrot";
				PRODUCT_NAME = "$(TARGET_NAME)";
				TARGETED_DEVICE_FAMILY = 1;
			};
			name = Release;
		};
		A61AEEFA1E40978F00EDB53B /* Debug */ = {
			isa = XCBuildConfiguration;
			buildSettings = {
				BUNDLE_LOADER = "$(TEST_HOST)";
				INFOPLIST_FILE = "Jack SparrotTests/Info.plist";
				IPHONEOS_DEPLOYMENT_TARGET = 10.0;
				LD_RUNPATH_SEARCH_PATHS = "$(inherited) @executable_path/Frameworks @loader_path/Frameworks";
				PRODUCT_BUNDLE_IDENTIFIER = "fr.upmc.sar.projet.Jack-SparrotTests";
				PRODUCT_NAME = "$(TARGET_NAME)";
				TEST_HOST = "$(BUILT_PRODUCTS_DIR)/Jack Sparrot.app/Jack Sparrot";
			};
			name = Debug;
		};
		A61AEEFB1E40978F00EDB53B /* Release */ = {
			isa = XCBuildConfiguration;
			buildSettings = {
				BUNDLE_LOADER = "$(TEST_HOST)";
				INFOPLIST_FILE = "Jack SparrotTests/Info.plist";
				IPHONEOS_DEPLOYMENT_TARGET = 10.0;
				LD_RUNPATH_SEARCH_PATHS = "$(inherited) @executable_path/Frameworks @loader_path/Frameworks";
				PRODUCT_BUNDLE_IDENTIFIER = "fr.upmc.sar.projet.Jack-SparrotTests";
				PRODUCT_NAME = "$(TARGET_NAME)";
				TEST_HOST = "$(BUILT_PRODUCTS_DIR)/Jack Sparrot.app/Jack Sparrot";
			};
			name = Release;
		};
		A61AEEFD1E40978F00EDB53B /* Debug */ = {
			isa = XCBuildConfiguration;
			buildSettings = {
				ALWAYS_SEARCH_USER_PATHS = NO;
				"CODE_SIGN_IDENTITY[sdk=iphoneos*]" = "iPhone Developer";
				DEVELOPMENT_TEAM = L99GSY552M;
				"HEADER_SEARCH_PATHS[sdk=iphoneos*]" = "$(PROJECT_DIR)/SDK/ios/include";
				"HEADER_SEARCH_PATHS[sdk=iphonesimulator*]" = "$(PROJECT_DIR)/SDK/sim/include";
				INFOPLIST_FILE = "Jack SparrotUITests/Info.plist";
				IPHONEOS_DEPLOYMENT_TARGET = 10.0;
				LD_RUNPATH_SEARCH_PATHS = "$(inherited) @executable_path/Frameworks @loader_path/Frameworks";
				LIBRARY_SEARCH_PATHS = "";
				"LIBRARY_SEARCH_PATHS[sdk=iphoneos*]" = "$(PROJECT_DIR)/SDK/ios/lib";
				"LIBRARY_SEARCH_PATHS[sdk=iphonesimulator*]" = "$(PROJECT_DIR)/SDK/sim/lib";
				LINK_WITH_STANDARD_LIBRARIES = YES;
				OTHER_LDFLAGS = "";
				OTHER_LIBTOOLFLAGS = "-larcommands -larcontroller -lardiscovery -larnetwork -larnetworkal -larstream -larstream2 -larmavlink -ljson -larmedia -larutils -lcurl -lardatatransfer -lssl -lz";
				PRODUCT_BUNDLE_IDENTIFIER = "fr.upmc.sar.projet.Jack-SparrotUITests";
				PRODUCT_NAME = "$(TARGET_NAME)";
				TEST_TARGET_NAME = "Jack Sparrot";
			};
			name = Debug;
		};
		A61AEEFE1E40978F00EDB53B /* Release */ = {
			isa = XCBuildConfiguration;
			buildSettings = {
				ALWAYS_SEARCH_USER_PATHS = NO;
				"CODE_SIGN_IDENTITY[sdk=iphoneos*]" = "iPhone Developer";
				DEVELOPMENT_TEAM = L99GSY552M;
				"HEADER_SEARCH_PATHS[sdk=iphoneos*]" = "$(PROJECT_DIR)/SDK/ios/include";
				"HEADER_SEARCH_PATHS[sdk=iphonesimulator*]" = "$(PROJECT_DIR)/SDK/sim/include";
				INFOPLIST_FILE = "Jack SparrotUITests/Info.plist";
				IPHONEOS_DEPLOYMENT_TARGET = 10.0;
				LD_RUNPATH_SEARCH_PATHS = "$(inherited) @executable_path/Frameworks @loader_path/Frameworks";
				LIBRARY_SEARCH_PATHS = "";
				"LIBRARY_SEARCH_PATHS[sdk=iphoneos*]" = "$(PROJECT_DIR)/SDK/ios/lib";
				"LIBRARY_SEARCH_PATHS[sdk=iphonesimulator*]" = "$(PROJECT_DIR)/SDK/sim/lib";
				LINK_WITH_STANDARD_LIBRARIES = YES;
				OTHER_LDFLAGS = "";
				OTHER_LIBTOOLFLAGS = "-larcommands -larcontroller -lardiscovery -larnetwork -larnetworkal -larstream -larstream2 -larmavlink -ljson -larmedia -larutils -lcurl -lardatatransfer -lssl -lz";
				PRODUCT_BUNDLE_IDENTIFIER = "fr.upmc.sar.projet.Jack-SparrotUITests";
				PRODUCT_NAME = "$(TARGET_NAME)";
				TEST_TARGET_NAME = "Jack Sparrot";
			};
			name = Release;
		};
		A6E50DE91E5E0A9800830EFD /* Debug */ = {
			isa = XCBuildConfiguration;
			buildSettings = {
				ASSETCATALOG_COMPILER_APPICON_NAME = AppIcon;
				DEVELOPMENT_TEAM = L99GSY552M;
				IBSC_MODULE = Jack_Sparrot_Watch_Extension;
				INFOPLIST_FILE = "Jack Sparrot Watch/Info.plist";
				PRODUCT_BUNDLE_IDENTIFIER = "fr.upmc.sar.projet.Jack-Sparrot.watchkitapp";
				PRODUCT_NAME = "$(TARGET_NAME)";
				SDKROOT = watchos;
				SKIP_INSTALL = YES;
				TARGETED_DEVICE_FAMILY = 4;
				WATCHOS_DEPLOYMENT_TARGET = 3.0;
			};
			name = Debug;
		};
		A6E50DEA1E5E0A9800830EFD /* Release */ = {
			isa = XCBuildConfiguration;
			buildSettings = {
				ASSETCATALOG_COMPILER_APPICON_NAME = AppIcon;
				DEVELOPMENT_TEAM = L99GSY552M;
				IBSC_MODULE = Jack_Sparrot_Watch_Extension;
				INFOPLIST_FILE = "Jack Sparrot Watch/Info.plist";
				PRODUCT_BUNDLE_IDENTIFIER = "fr.upmc.sar.projet.Jack-Sparrot.watchkitapp";
				PRODUCT_NAME = "$(TARGET_NAME)";
				SDKROOT = watchos;
				SKIP_INSTALL = YES;
				TARGETED_DEVICE_FAMILY = 4;
				WATCHOS_DEPLOYMENT_TARGET = 3.0;
			};
			name = Release;
		};
		A6E50DEB1E5E0A9800830EFD /* Debug */ = {
			isa = XCBuildConfiguration;
			buildSettings = {
				ASSETCATALOG_COMPILER_COMPLICATION_NAME = Complication;
				DEVELOPMENT_TEAM = L99GSY552M;
				INFOPLIST_FILE = "Jack Sparrot Watch Extension/Info.plist";
				LD_RUNPATH_SEARCH_PATHS = "$(inherited) @executable_path/Frameworks @executable_path/../../Frameworks";
				PRODUCT_BUNDLE_IDENTIFIER = "fr.upmc.sar.projet.Jack-Sparrot.watchkitapp.watchkitextension";
				PRODUCT_NAME = "${TARGET_NAME}";
				SDKROOT = watchos;
				SKIP_INSTALL = YES;
				TARGETED_DEVICE_FAMILY = 4;
				WATCHOS_DEPLOYMENT_TARGET = 3.0;
			};
			name = Debug;
		};
		A6E50DEC1E5E0A9800830EFD /* Release */ = {
			isa = XCBuildConfiguration;
			buildSettings = {
				ASSETCATALOG_COMPILER_COMPLICATION_NAME = Complication;
				DEVELOPMENT_TEAM = L99GSY552M;
				INFOPLIST_FILE = "Jack Sparrot Watch Extension/Info.plist";
				LD_RUNPATH_SEARCH_PATHS = "$(inherited) @executable_path/Frameworks @executable_path/../../Frameworks";
				PRODUCT_BUNDLE_IDENTIFIER = "fr.upmc.sar.projet.Jack-Sparrot.watchkitapp.watchkitextension";
				PRODUCT_NAME = "${TARGET_NAME}";
				SDKROOT = watchos;
				SKIP_INSTALL = YES;
				TARGETED_DEVICE_FAMILY = 4;
				WATCHOS_DEPLOYMENT_TARGET = 3.0;
			};
			name = Release;
		};
/* End XCBuildConfiguration section */

/* Begin XCConfigurationList section */
		A61AEEC11E40978F00EDB53B /* Build configuration list for PBXProject "Jack Sparrot" */ = {
			isa = XCConfigurationList;
			buildConfigurations = (
				A61AEEF41E40978F00EDB53B /* Debug */,
				A61AEEF51E40978F00EDB53B /* Release */,
			);
			defaultConfigurationIsVisible = 0;
			defaultConfigurationName = Release;
		};
		A61AEEF61E40978F00EDB53B /* Build configuration list for PBXNativeTarget "Jack Sparrot" */ = {
			isa = XCConfigurationList;
			buildConfigurations = (
				A61AEEF71E40978F00EDB53B /* Debug */,
				A61AEEF81E40978F00EDB53B /* Release */,
			);
			defaultConfigurationIsVisible = 0;
			defaultConfigurationName = Release;
		};
		A61AEEF91E40978F00EDB53B /* Build configuration list for PBXNativeTarget "Jack SparrotTests" */ = {
			isa = XCConfigurationList;
			buildConfigurations = (
				A61AEEFA1E40978F00EDB53B /* Debug */,
				A61AEEFB1E40978F00EDB53B /* Release */,
			);
			defaultConfigurationIsVisible = 0;
			defaultConfigurationName = Release;
		};
		A61AEEFC1E40978F00EDB53B /* Build configuration list for PBXNativeTarget "Jack SparrotUITests" */ = {
			isa = XCConfigurationList;
			buildConfigurations = (
				A61AEEFD1E40978F00EDB53B /* Debug */,
				A61AEEFE1E40978F00EDB53B /* Release */,
			);
			defaultConfigurationIsVisible = 0;
			defaultConfigurationName = Release;
		};
		A6E50DED1E5E0A9800830EFD /* Build configuration list for PBXNativeTarget "Jack Sparrot Watch Extension" */ = {
			isa = XCConfigurationList;
			buildConfigurations = (
				A6E50DEB1E5E0A9800830EFD /* Debug */,
				A6E50DEC1E5E0A9800830EFD /* Release */,
			);
			defaultConfigurationIsVisible = 0;
			defaultConfigurationName = Release;
		};
		A6E50DEF1E5E0A9800830EFD /* Build configuration list for PBXNativeTarget "Jack Sparrot Watch" */ = {
			isa = XCConfigurationList;
			buildConfigurations = (
				A6E50DE91E5E0A9800830EFD /* Debug */,
				A6E50DEA1E5E0A9800830EFD /* Release */,
			);
			defaultConfigurationIsVisible = 0;
			defaultConfigurationName = Release;
		};
/* End XCConfigurationList section */

/* Begin XCVersionGroup section */
		A61AEED51E40978F00EDB53B /* Jack_Sparrot.xcdatamodeld */ = {
			isa = XCVersionGroup;
			children = (
				A61AEED61E40978F00EDB53B /* Jack_Sparrot.xcdatamodel */,
			);
			currentVersion = A61AEED61E40978F00EDB53B /* Jack_Sparrot.xcdatamodel */;
			path = Jack_Sparrot.xcdatamodeld;
			sourceTree = "<group>";
			versionGroupType = wrapper.xcdatamodel;
		};
/* End XCVersionGroup section */
	};
	rootObject = A61AEEBE1E40978F00EDB53B /* Project object */;
}
